// !$*UTF8*$!
{
	archiveVersion = 1;
	classes = {
	};
	objectVersion = 50;
	objects = {

/* Begin PBXBuildFile section */
		962E6B7226A659FF002607AE /* Window.swift in Sources */ = {isa = PBXBuildFile; fileRef = 962E6B7126A659FF002607AE /* Window.swift */; };
		96529A27262D289800B2B1F8 /* AppDelegate.swift in Sources */ = {isa = PBXBuildFile; fileRef = 96529A26262D289800B2B1F8 /* AppDelegate.swift */; };
		96529A29262D289900B2B1F8 /* Assets.xcassets in Resources */ = {isa = PBXBuildFile; fileRef = 96529A28262D289900B2B1F8 /* Assets.xcassets */; };
		96529A2C262D289900B2B1F8 /* MainMenu.xib in Resources */ = {isa = PBXBuildFile; fileRef = 96529A2A262D289900B2B1F8 /* MainMenu.xib */; };
		96529A36262D295600B2B1F8 /* ToolbarWindow.swift in Sources */ = {isa = PBXBuildFile; fileRef = 96529A34262D295600B2B1F8 /* ToolbarWindow.swift */; };
		967800BB2697E667006B6554 /* Element.swift in Sources */ = {isa = PBXBuildFile; fileRef = 967800BA2697E667006B6554 /* Element.swift */; };
		967800BD2697FEEE006B6554 /* TextWindow.swift in Sources */ = {isa = PBXBuildFile; fileRef = 967800BC2697FEEE006B6554 /* TextWindow.swift */; };
		96D215B926CCAE2900AF1E28 /* TrackpadWindow.swift in Sources */ = {isa = PBXBuildFile; fileRef = 96D215B826CCAE2900AF1E28 /* TrackpadWindow.swift */; };
		96D215BB26CCCE2000AF1E28 /* TrackpadBoundsWindow.swift in Sources */ = {isa = PBXBuildFile; fileRef = 96D215BA26CCCE2000AF1E28 /* TrackpadBoundsWindow.swift */; };
/* End PBXBuildFile section */

/* Begin PBXFileReference section */
		962E6B7126A659FF002607AE /* Window.swift */ = {isa = PBXFileReference; lastKnownFileType = sourcecode.swift; path = Window.swift; sourceTree = "<group>"; };
		96529A23262D289800B2B1F8 /* RSFAgent.app */ = {isa = PBXFileReference; explicitFileType = wrapper.application; includeInIndex = 0; path = RSFAgent.app; sourceTree = BUILT_PRODUCTS_DIR; };
		96529A26262D289800B2B1F8 /* AppDelegate.swift */ = {isa = PBXFileReference; lastKnownFileType = sourcecode.swift; path = AppDelegate.swift; sourceTree = "<group>"; };
		96529A28262D289900B2B1F8 /* Assets.xcassets */ = {isa = PBXFileReference; lastKnownFileType = folder.assetcatalog; path = Assets.xcassets; sourceTree = "<group>"; };
		96529A2B262D289900B2B1F8 /* Base */ = {isa = PBXFileReference; lastKnownFileType = file.xib; name = Base; path = Base.lproj/MainMenu.xib; sourceTree = "<group>"; };
		96529A2D262D289900B2B1F8 /* Info.plist */ = {isa = PBXFileReference; lastKnownFileType = text.plist.xml; path = Info.plist; sourceTree = "<group>"; };
		96529A2E262D289900B2B1F8 /* RSFAgent.entitlements */ = {isa = PBXFileReference; lastKnownFileType = text.plist.entitlements; path = RSFAgent.entitlements; sourceTree = "<group>"; };
		96529A34262D295600B2B1F8 /* ToolbarWindow.swift */ = {isa = PBXFileReference; lastKnownFileType = sourcecode.swift; path = ToolbarWindow.swift; sourceTree = "<group>"; };
		967800BA2697E667006B6554 /* Element.swift */ = {isa = PBXFileReference; lastKnownFileType = sourcecode.swift; path = Element.swift; sourceTree = "<group>"; };
		967800BC2697FEEE006B6554 /* TextWindow.swift */ = {isa = PBXFileReference; lastKnownFileType = sourcecode.swift; path = TextWindow.swift; sourceTree = "<group>"; };
		96D215B826CCAE2900AF1E28 /* TrackpadWindow.swift */ = {isa = PBXFileReference; lastKnownFileType = sourcecode.swift; path = TrackpadWindow.swift; sourceTree = "<group>"; };
		96D215BA26CCCE2000AF1E28 /* TrackpadBoundsWindow.swift */ = {isa = PBXFileReference; lastKnownFileType = sourcecode.swift; path = TrackpadBoundsWindow.swift; sourceTree = "<group>"; };
/* End PBXFileReference section */

/* Begin PBXFrameworksBuildPhase section */
		96529A20262D289800B2B1F8 /* Frameworks */ = {
			isa = PBXFrameworksBuildPhase;
			buildActionMask = 2147483647;
			files = (
			);
			runOnlyForDeploymentPostprocessing = 0;
		};
/* End PBXFrameworksBuildPhase section */

/* Begin PBXGroup section */
		96529A1A262D289800B2B1F8 = {
			isa = PBXGroup;
			children = (
				96529A25262D289800B2B1F8 /* RSFAgent */,
				96529A24262D289800B2B1F8 /* Products */,
			);
			sourceTree = "<group>";
		};
		96529A24262D289800B2B1F8 /* Products */ = {
			isa = PBXGroup;
			children = (
				96529A23262D289800B2B1F8 /* RSFAgent.app */,
			);
			name = Products;
			sourceTree = "<group>";
		};
		96529A25262D289800B2B1F8 /* RSFAgent */ = {
			isa = PBXGroup;
			children = (
				96529A26262D289800B2B1F8 /* AppDelegate.swift */,
				962E6B7126A659FF002607AE /* Window.swift */,
				96529A34262D295600B2B1F8 /* ToolbarWindow.swift */,
				967800BC2697FEEE006B6554 /* TextWindow.swift */,
				96D215B826CCAE2900AF1E28 /* TrackpadWindow.swift */,
				96D215BA26CCCE2000AF1E28 /* TrackpadBoundsWindow.swift */,
				967800BA2697E667006B6554 /* Element.swift */,
				96529A28262D289900B2B1F8 /* Assets.xcassets */,
				96529A2A262D289900B2B1F8 /* MainMenu.xib */,
				96529A2D262D289900B2B1F8 /* Info.plist */,
				96529A2E262D289900B2B1F8 /* RSFAgent.entitlements */,
			);
			path = RSFAgent;
			sourceTree = "<group>";
		};
/* End PBXGroup section */

/* Begin PBXNativeTarget section */
		96529A22262D289800B2B1F8 /* RSFAgent */ = {
			isa = PBXNativeTarget;
			buildConfigurationList = 96529A31262D289900B2B1F8 /* Build configuration list for PBXNativeTarget "RSFAgent" */;
			buildPhases = (
				96529A1F262D289800B2B1F8 /* Sources */,
				96529A20262D289800B2B1F8 /* Frameworks */,
				96529A21262D289800B2B1F8 /* Resources */,
			);
			buildRules = (
			);
			dependencies = (
			);
			name = RSFAgent;
			productName = RSFAgent;
			productReference = 96529A23262D289800B2B1F8 /* RSFAgent.app */;
			productType = "com.apple.product-type.application";
		};
/* End PBXNativeTarget section */

/* Begin PBXProject section */
		96529A1B262D289800B2B1F8 /* Project object */ = {
			isa = PBXProject;
			attributes = {
				LastSwiftUpdateCheck = 1000;
				LastUpgradeCheck = 1000;
				ORGANIZATIONNAME = Redstone_Flash;
				TargetAttributes = {
					96529A22262D289800B2B1F8 = {
						CreatedOnToolsVersion = 10.0;
					};
				};
			};
			buildConfigurationList = 96529A1E262D289800B2B1F8 /* Build configuration list for PBXProject "RSFAgent" */;
			compatibilityVersion = "Xcode 9.3";
			developmentRegion = en;
			hasScannedForEncodings = 0;
			knownRegions = (
				en,
				Base,
			);
			mainGroup = 96529A1A262D289800B2B1F8;
			productRefGroup = 96529A24262D289800B2B1F8 /* Products */;
			projectDirPath = "";
			projectRoot = "";
			targets = (
				96529A22262D289800B2B1F8 /* RSFAgent */,
			);
		};
/* End PBXProject section */

/* Begin PBXResourcesBuildPhase section */
		96529A21262D289800B2B1F8 /* Resources */ = {
			isa = PBXResourcesBuildPhase;
			buildActionMask = 2147483647;
			files = (
				96529A29262D289900B2B1F8 /* Assets.xcassets in Resources */,
				96529A2C262D289900B2B1F8 /* MainMenu.xib in Resources */,
			);
			runOnlyForDeploymentPostprocessing = 0;
		};
/* End PBXResourcesBuildPhase section */

/* Begin PBXSourcesBuildPhase section */
		96529A1F262D289800B2B1F8 /* Sources */ = {
			isa = PBXSourcesBuildPhase;
			buildActionMask = 2147483647;
			files = (
				967800BD2697FEEE006B6554 /* TextWindow.swift in Sources */,
				96D215B926CCAE2900AF1E28 /* TrackpadWindow.swift in Sources */,
				962E6B7226A659FF002607AE /* Window.swift in Sources */,
				96529A27262D289800B2B1F8 /* AppDelegate.swift in Sources */,
				96529A36262D295600B2B1F8 /* ToolbarWindow.swift in Sources */,
				96D215BB26CCCE2000AF1E28 /* TrackpadBoundsWindow.swift in Sources */,
				967800BB2697E667006B6554 /* Element.swift in Sources */,
			);
			runOnlyForDeploymentPostprocessing = 0;
		};
/* End PBXSourcesBuildPhase section */

/* Begin PBXVariantGroup section */
		96529A2A262D289900B2B1F8 /* MainMenu.xib */ = {
			isa = PBXVariantGroup;
			children = (
				96529A2B262D289900B2B1F8 /* Base */,
			);
			name = MainMenu.xib;
			sourceTree = "<group>";
		};
/* End PBXVariantGroup section */

/* Begin XCBuildConfiguration section */
		96529A2F262D289900B2B1F8 /* Debug */ = {
			isa = XCBuildConfiguration;
			buildSettings = {
				ALWAYS_SEARCH_USER_PATHS = NO;
				CLANG_ANALYZER_NONNULL = YES;
				CLANG_ANALYZER_NUMBER_OBJECT_CONVERSION = YES_AGGRESSIVE;
				CLANG_CXX_LANGUAGE_STANDARD = "gnu++14";
				CLANG_CXX_LIBRARY = "libc++";
				CLANG_ENABLE_MODULES = YES;
				CLANG_ENABLE_OBJC_ARC = YES;
				CLANG_ENABLE_OBJC_WEAK = YES;
				CLANG_WARN_BLOCK_CAPTURE_AUTORELEASING = YES;
				CLANG_WARN_BOOL_CONVERSION = YES;
				CLANG_WARN_COMMA = YES;
				CLANG_WARN_CONSTANT_CONVERSION = YES;
				CLANG_WARN_DEPRECATED_OBJC_IMPLEMENTATIONS = YES;
				CLANG_WARN_DIRECT_OBJC_ISA_USAGE = YES_ERROR;
				CLANG_WARN_DOCUMENTATION_COMMENTS = YES;
				CLANG_WARN_EMPTY_BODY = YES;
				CLANG_WARN_ENUM_CONVERSION = YES;
				CLANG_WARN_INFINITE_RECURSION = YES;
				CLANG_WARN_INT_CONVERSION = YES;
				CLANG_WARN_NON_LITERAL_NULL_CONVERSION = YES;
				CLANG_WARN_OBJC_IMPLICIT_RETAIN_SELF = YES;
				CLANG_WARN_OBJC_LITERAL_CONVERSION = YES;
				CLANG_WARN_OBJC_ROOT_CLASS = YES_ERROR;
				CLANG_WARN_RANGE_LOOP_ANALYSIS = YES;
				CLANG_WARN_STRICT_PROTOTYPES = YES;
				CLANG_WARN_SUSPICIOUS_MOVE = YES;
				CLANG_WARN_UNGUARDED_AVAILABILITY = YES_AGGRESSIVE;
				CLANG_WARN_UNREACHABLE_CODE = YES;
				CLANG_WARN__DUPLICATE_METHOD_MATCH = YES;
				CODE_SIGN_IDENTITY = "-";
				COPY_PHASE_STRIP = NO;
				DEBUG_INFORMATION_FORMAT = dwarf;
				ENABLE_STRICT_OBJC_MSGSEND = YES;
				ENABLE_TESTABILITY = YES;
				GCC_C_LANGUAGE_STANDARD = gnu11;
				GCC_DYNAMIC_NO_PIC = NO;
				GCC_NO_COMMON_BLOCKS = YES;
				GCC_OPTIMIZATION_LEVEL = 0;
				GCC_PREPROCESSOR_DEFINITIONS = (
					"DEBUG=1",
					"$(inherited)",
				);
				GCC_WARN_64_TO_32_BIT_CONVERSION = YES;
				GCC_WARN_ABOUT_RETURN_TYPE = YES_ERROR;
				GCC_WARN_UNDECLARED_SELECTOR = YES;
				GCC_WARN_UNINITIALIZED_AUTOS = YES_AGGRESSIVE;
				GCC_WARN_UNUSED_FUNCTION = YES;
				GCC_WARN_UNUSED_VARIABLE = YES;
				MACOSX_DEPLOYMENT_TARGET = 10.13;
				MTL_ENABLE_DEBUG_INFO = INCLUDE_SOURCE;
				MTL_FAST_MATH = YES;
				ONLY_ACTIVE_ARCH = YES;
				SDKROOT = macosx;
				SWIFT_ACTIVE_COMPILATION_CONDITIONS = DEBUG;
				SWIFT_OPTIMIZATION_LEVEL = "-Onone";
			};
			name = Debug;
		};
		96529A30262D289900B2B1F8 /* Release */ = {
			isa = XCBuildConfiguration;
			buildSettings = {
				ALWAYS_SEARCH_USER_PATHS = NO;
				CLANG_ANALYZER_NONNULL = YES;
				CLANG_ANALYZER_NUMBER_OBJECT_CONVERSION = YES_AGGRESSIVE;
				CLANG_CXX_LANGUAGE_STANDARD = "gnu++14";
				CLANG_CXX_LIBRARY = "libc++";
				CLANG_ENABLE_MODULES = YES;
				CLANG_ENABLE_OBJC_ARC = YES;
				CLANG_ENABLE_OBJC_WEAK = YES;
				CLANG_WARN_BLOCK_CAPTURE_AUTORELEASING = YES;
				CLANG_WARN_BOOL_CONVERSION = YES;
				CLANG_WARN_COMMA = YES;
				CLANG_WARN_CONSTANT_CONVERSION = YES;
				CLANG_WARN_DEPRECATED_OBJC_IMPLEMENTATIONS = YES;
				CLANG_WARN_DIRECT_OBJC_ISA_USAGE = YES_ERROR;
				CLANG_WARN_DOCUMENTATION_COMMENTS = YES;
				CLANG_WARN_EMPTY_BODY = YES;
				CLANG_WARN_ENUM_CONVERSION = YES;
				CLANG_WARN_INFINITE_RECURSION = YES;
				CLANG_WARN_INT_CONVERSION = YES;
				CLANG_WARN_NON_LITERAL_NULL_CONVERSION = YES;
				CLANG_WARN_OBJC_IMPLICIT_RETAIN_SELF = YES;
				CLANG_WARN_OBJC_LITERAL_CONVERSION = YES;
				CLANG_WARN_OBJC_ROOT_CLASS = YES_ERROR;
				CLANG_WARN_RANGE_LOOP_ANALYSIS = YES;
				CLANG_WARN_STRICT_PROTOTYPES = YES;
				CLANG_WARN_SUSPICIOUS_MOVE = YES;
				CLANG_WARN_UNGUARDED_AVAILABILITY = YES_AGGRESSIVE;
				CLANG_WARN_UNREACHABLE_CODE = YES;
				CLANG_WARN__DUPLICATE_METHOD_MATCH = YES;
				CODE_SIGN_IDENTITY = "-";
				COPY_PHASE_STRIP = NO;
				DEBUG_INFORMATION_FORMAT = "dwarf-with-dsym";
				ENABLE_NS_ASSERTIONS = NO;
				ENABLE_STRICT_OBJC_MSGSEND = YES;
				GCC_C_LANGUAGE_STANDARD = gnu11;
				GCC_NO_COMMON_BLOCKS = YES;
				GCC_WARN_64_TO_32_BIT_CONVERSION = YES;
				GCC_WARN_ABOUT_RETURN_TYPE = YES_ERROR;
				GCC_WARN_UNDECLARED_SELECTOR = YES;
				GCC_WARN_UNINITIALIZED_AUTOS = YES_AGGRESSIVE;
				GCC_WARN_UNUSED_FUNCTION = YES;
				GCC_WARN_UNUSED_VARIABLE = YES;
				MACOSX_DEPLOYMENT_TARGET = 10.13;
				MTL_ENABLE_DEBUG_INFO = NO;
				MTL_FAST_MATH = YES;
				SDKROOT = macosx;
				SWIFT_COMPILATION_MODE = wholemodule;
				SWIFT_OPTIMIZATION_LEVEL = "-O";
			};
			name = Release;
		};
		96529A32262D289900B2B1F8 /* Debug */ = {
			isa = XCBuildConfiguration;
			buildSettings = {
				ASSETCATALOG_COMPILER_APPICON_NAME = AppIcon;
				CODE_SIGN_ENTITLEMENTS = RSFAgent/RSFAgent.entitlements;
				CODE_SIGN_STYLE = Automatic;
				COMBINE_HIDPI_IMAGES = YES;
				INFOPLIST_FILE = RSFAgent/Info.plist;
				LD_RUNPATH_SEARCH_PATHS = (
					"$(inherited)",
					"@executable_path/../Frameworks",
				);
				PRODUCT_BUNDLE_IDENTIFIER = redstoneflash.RSFAgent;
				PRODUCT_NAME = "$(TARGET_NAME)";
				SWIFT_VERSION = 4.2;
			};
			name = Debug;
		};
		96529A33262D289900B2B1F8 /* Release */ = {
			isa = XCBuildConfiguration;
			buildSettings = {
				ASSETCATALOG_COMPILER_APPICON_NAME = AppIcon;
				CODE_SIGN_ENTITLEMENTS = RSFAgent/RSFAgent.entitlements;
				CODE_SIGN_STYLE = Automatic;
				COMBINE_HIDPI_IMAGES = YES;
				INFOPLIST_FILE = RSFAgent/Info.plist;
				LD_RUNPATH_SEARCH_PATHS = (
					"$(inherited)",
					"@executable_path/../Frameworks",
				);
				PRODUCT_BUNDLE_IDENTIFIER = redstoneflash.RSFAgent;
				PRODUCT_NAME = "$(TARGET_NAME)";
				SWIFT_VERSION = 4.2;
			};
			name = Release;
		};
/* End XCBuildConfiguration section */

/* Begin XCConfigurationList section */
		96529A1E262D289800B2B1F8 /* Build configuration list for PBXProject "RSFAgent" */ = {
			isa = XCConfigurationList;
			buildConfigurations = (
				96529A2F262D289900B2B1F8 /* Debug */,
				96529A30262D289900B2B1F8 /* Release */,
			);
			defaultConfigurationIsVisible = 0;
			defaultConfigurationName = Release;
		};
		96529A31262D289900B2B1F8 /* Build configuration list for PBXNativeTarget "RSFAgent" */ = {
			isa = XCConfigurationList;
			buildConfigurations = (
				96529A32262D289900B2B1F8 /* Debug */,
				96529A33262D289900B2B1F8 /* Release */,
			);
			defaultConfigurationIsVisible = 0;
			defaultConfigurationName = Release;
		};
/* End XCConfigurationList section */
	};
	rootObject = 96529A1B262D289800B2B1F8 /* Project object */;
}
